
Microsoft Visual Studio Solution File, Format Version 12.00
# Visual Studio Version 17
VisualStudioVersion = 17.13.35825.156
MinimumVisualStudioVersion = 10.0.40219.1
Project("{FAE04EC0-301F-11D3-BF4B-00C04F79EFBC}") = "WebApi", "WebApi\WebApi.csproj", "{BE986882-545F-4497-8628-19511452CE64}"
EndProject
Project("{FAE04EC0-301F-11D3-BF4B-00C04F79EFBC}") = "Models", "Models\Models.csproj", "{3FFBF786-AB57-4AE7-AF08-D174D68D6B81}"
EndProject
Project("{FAE04EC0-301F-11D3-BF4B-00C04F79EFBC}") = "Application", "Application\Application.csproj", "{2369B250-228F-4E12-9257-47BD8DFE2F7B}"
EndProject
Project("{FAE04EC0-301F-11D3-BF4B-00C04F79EFBC}") = "DataAccess", "DataAccess\DataAccess.csproj", "{6F8C860C-036F-4322-A28A-4D0CC6AAAB0D}"
EndProject
Global
	GlobalSection(SolutionConfigurationPlatforms) = preSolution
		Debug|Any CPU = Debug|Any CPU
		Release|Any CPU = Release|Any CPU
	EndGlobalSection
	GlobalSection(ProjectConfigurationPlatforms) = postSolution
		{BE986882-545F-4497-8628-19511452CE64}.Debug|Any CPU.ActiveCfg = Debug|Any CPU
		{BE986882-545F-4497-8628-19511452CE64}.Debug|Any CPU.Build.0 = Debug|Any CPU
		{BE986882-545F-4497-8628-19511452CE64}.Release|Any CPU.ActiveCfg = Release|Any CPU
		{BE986882-545F-4497-8628-19511452CE64}.Release|Any CPU.Build.0 = Release|Any CPU
		{3FFBF786-AB57-4AE7-AF08-D174D68D6B81}.Debug|Any CPU.ActiveCfg = Debug|Any CPU
		{3FFBF786-AB57-4AE7-AF08-D174D68D6B81}.Debug|Any CPU.Build.0 = Debug|Any CPU
		{3FFBF786-AB57-4AE7-AF08-D174D68D6B81}.Release|Any CPU.ActiveCfg = Release|Any CPU
		{3FFBF786-AB57-4AE7-AF08-D174D68D6B81}.Release|Any CPU.Build.0 = Release|Any CPU
		{2369B250-228F-4E12-9257-47BD8DFE2F7B}.Debug|Any CPU.ActiveCfg = Debug|Any CPU
		{2369B250-228F-4E12-9257-47BD8DFE2F7B}.Debug|Any CPU.Build.0 = Debug|Any CPU
		{2369B250-228F-4E12-9257-47BD8DFE2F7B}.Release|Any CPU.ActiveCfg = Release|Any CPU
		{2369B250-228F-4E12-9257-47BD8DFE2F7B}.Release|Any CPU.Build.0 = Release|Any CPU
		{6F8C860C-036F-4322-A28A-4D0CC6AAAB0D}.Debug|Any CPU.ActiveCfg = Debug|Any CPU
		{6F8C860C-036F-4322-A28A-4D0CC6AAAB0D}.Debug|Any CPU.Build.0 = Debug|Any CPU
		{6F8C860C-036F-4322-A28A-4D0CC6AAAB0D}.Release|Any CPU.ActiveCfg = Release|Any CPU
		{6F8C860C-036F-4322-A28A-4D0CC6AAAB0D}.Release|Any CPU.Build.0 = Release|Any CPU
	EndGlobalSection
	GlobalSection(SolutionProperties) = preSolution
		HideSolutionNode = FALSE
	EndGlobalSection
	GlobalSection(ExtensibilityGlobals) = postSolution
		SolutionGuid = {CE50B5AE-E378-440E-ACB6-409569322B61}
	EndGlobalSection
EndGlobal
